
Microsoft Visual Studio Solution File, Format Version 11.00
# Visual Studio 2010
Project("{FAE04EC0-301F-11D3-BF4B-00C04F79EFBC}") = "gamepratic2017", "Assembly-CSharp.csproj", "{3B6446A0-57C9-9F8C-90F3-816D81DE9DF3}"
EndProject
Project("{FAE04EC0-301F-11D3-BF4B-00C04F79EFBC}") = "gamepratic2017", "Assembly-CSharp-firstpass.csproj", "{16AA7BBD-6463-0270-862E-9CA8BDE74341}"
EndProject
Global
	GlobalSection(SolutionConfigurationPlatforms) = preSolution
		Debug|Any CPU = Debug|Any CPU
		Release|Any CPU = Release|Any CPU
	EndGlobalSection
	GlobalSection(ProjectConfigurationPlatforms) = postSolution
		{3B6446A0-57C9-9F8C-90F3-816D81DE9DF3}.Debug|Any CPU.ActiveCfg = Debug|Any CPU
		{3B6446A0-57C9-9F8C-90F3-816D81DE9DF3}.Debug|Any CPU.Build.0 = Debug|Any CPU
		{3B6446A0-57C9-9F8C-90F3-816D81DE9DF3}.Release|Any CPU.ActiveCfg = Release|Any CPU
		{3B6446A0-57C9-9F8C-90F3-816D81DE9DF3}.Release|Any CPU.Build.0 = Release|Any CPU
		{16AA7BBD-6463-0270-862E-9CA8BDE74341}.Debug|Any CPU.ActiveCfg = Debug|Any CPU
		{16AA7BBD-6463-0270-862E-9CA8BDE74341}.Debug|Any CPU.Build.0 = Debug|Any CPU
		{16AA7BBD-6463-0270-862E-9CA8BDE74341}.Release|Any CPU.ActiveCfg = Release|Any CPU
		{16AA7BBD-6463-0270-862E-9CA8BDE74341}.Release|Any CPU.Build.0 = Release|Any CPU
	EndGlobalSection
	GlobalSection(SolutionProperties) = preSolution
		HideSolutionNode = FALSE
	EndGlobalSection
	GlobalSection(MonoDevelopProperties) = preSolution
		StartupItem = Assembly-CSharp.csproj
	EndGlobalSection
EndGlobal
